// !$*UTF8*$!
{
	archiveVersion = 1;
	classes = {
	};
	objectVersion = 52;
	objects = {

/* Begin PBXBuildFile section */
		4979A8863B3DDBE0ED75C4B0 /* Pods_UINavigationController.framework in Frameworks */ = {isa = PBXBuildFile; fileRef = 23FB22E21BA9996FCA1C8317 /* Pods_UINavigationController.framework */; };
		A2881CA923F74CA0001103EF /* AppDelegate.swift in Sources */ = {isa = PBXBuildFile; fileRef = A2881CA823F74CA0001103EF /* AppDelegate.swift */; };
		A2881CAB23F74CA0001103EF /* SceneDelegate.swift in Sources */ = {isa = PBXBuildFile; fileRef = A2881CAA23F74CA0001103EF /* SceneDelegate.swift */; };
		A2881CAD23F74CA0001103EF /* ViewController.swift in Sources */ = {isa = PBXBuildFile; fileRef = A2881CAC23F74CA0001103EF /* ViewController.swift */; };
		A2881CB023F74CA0001103EF /* Main.storyboard in Resources */ = {isa = PBXBuildFile; fileRef = A2881CAE23F74CA0001103EF /* Main.storyboard */; };
		A2881CB223F74CA2001103EF /* Assets.xcassets in Resources */ = {isa = PBXBuildFile; fileRef = A2881CB123F74CA2001103EF /* Assets.xcassets */; };
		A2881CB523F74CA2001103EF /* LaunchScreen.storyboard in Resources */ = {isa = PBXBuildFile; fileRef = A2881CB323F74CA2001103EF /* LaunchScreen.storyboard */; };
		A2881CBF23F74D71001103EF /* .gitignore in Resources */ = {isa = PBXBuildFile; fileRef = A2881CBE23F74D71001103EF /* .gitignore */; };
		A2881CC123F75A93001103EF /* SecondViewController.swift in Sources */ = {isa = PBXBuildFile; fileRef = A2881CC023F75A93001103EF /* SecondViewController.swift */; };
/* End PBXBuildFile section */

/* Begin PBXFileReference section */
		23FB22E21BA9996FCA1C8317 /* Pods_UINavigationController.framework */ = {isa = PBXFileReference; explicitFileType = wrapper.framework; includeInIndex = 0; path = Pods_UINavigationController.framework; sourceTree = BUILT_PRODUCTS_DIR; };
		6EDFCFF79D3F21024A97161C /* Pods-UINavigationController.debug.xcconfig */ = {isa = PBXFileReference; includeInIndex = 1; lastKnownFileType = text.xcconfig; name = "Pods-UINavigationController.debug.xcconfig"; path = "Target Support Files/Pods-UINavigationController/Pods-UINavigationController.debug.xcconfig"; sourceTree = "<group>"; };
		A2881CA523F74CA0001103EF /* UINavigationController.app */ = {isa = PBXFileReference; explicitFileType = wrapper.application; includeInIndex = 0; path = UINavigationController.app; sourceTree = BUILT_PRODUCTS_DIR; };
		A2881CA823F74CA0001103EF /* AppDelegate.swift */ = {isa = PBXFileReference; lastKnownFileType = sourcecode.swift; path = AppDelegate.swift; sourceTree = "<group>"; };
		A2881CAA23F74CA0001103EF /* SceneDelegate.swift */ = {isa = PBXFileReference; lastKnownFileType = sourcecode.swift; path = SceneDelegate.swift; sourceTree = "<group>"; };
		A2881CAC23F74CA0001103EF /* ViewController.swift */ = {isa = PBXFileReference; lastKnownFileType = sourcecode.swift; path = ViewController.swift; sourceTree = "<group>"; };
		A2881CAF23F74CA0001103EF /* Base */ = {isa = PBXFileReference; lastKnownFileType = file.storyboard; name = Base; path = Base.lproj/Main.storyboard; sourceTree = "<group>"; };
		A2881CB123F74CA2001103EF /* Assets.xcassets */ = {isa = PBXFileReference; lastKnownFileType = folder.assetcatalog; path = Assets.xcassets; sourceTree = "<group>"; };
		A2881CB423F74CA2001103EF /* Base */ = {isa = PBXFileReference; lastKnownFileType = file.storyboard; name = Base; path = Base.lproj/LaunchScreen.storyboard; sourceTree = "<group>"; };
		A2881CB623F74CA2001103EF /* Info.plist */ = {isa = PBXFileReference; lastKnownFileType = text.plist.xml; path = Info.plist; sourceTree = "<group>"; };
		A2881CBE23F74D71001103EF /* .gitignore */ = {isa = PBXFileReference; lastKnownFileType = text; path = .gitignore; sourceTree = "<group>"; };
		A2881CC023F75A93001103EF /* SecondViewController.swift */ = {isa = PBXFileReference; lastKnownFileType = sourcecode.swift; path = SecondViewController.swift; sourceTree = "<group>"; };
		F52DC3215AD30E185AC16C24 /* Pods-UINavigationController.release.xcconfig */ = {isa = PBXFileReference; includeInIndex = 1; lastKnownFileType = text.xcconfig; name = "Pods-UINavigationController.release.xcconfig"; path = "Target Support Files/Pods-UINavigationController/Pods-UINavigationController.release.xcconfig"; sourceTree = "<group>"; };
/* End PBXFileReference section */

/* Begin PBXFrameworksBuildPhase section */
		A2881CA223F74CA0001103EF /* Frameworks */ = {
			isa = PBXFrameworksBuildPhase;
			buildActionMask = 2147483647;
			files = (
				4979A8863B3DDBE0ED75C4B0 /* Pods_UINavigationController.framework in Frameworks */,
			);
			runOnlyForDeploymentPostprocessing = 0;
		};
/* End PBXFrameworksBuildPhase section */

/* Begin PBXGroup section */
		104A3DD6B74DEAACC20A7EA3 /* Pods */ = {
			isa = PBXGroup;
			children = (
				6EDFCFF79D3F21024A97161C /* Pods-UINavigationController.debug.xcconfig */,
				F52DC3215AD30E185AC16C24 /* Pods-UINavigationController.release.xcconfig */,
			);
			path = Pods;
			sourceTree = "<group>";
		};
		5F84012F43426ECD90D3C8D5 /* Frameworks */ = {
			isa = PBXGroup;
			children = (
				23FB22E21BA9996FCA1C8317 /* Pods_UINavigationController.framework */,
			);
			name = Frameworks;
			sourceTree = "<group>";
		};
		A2881C9C23F74CA0001103EF = {
			isa = PBXGroup;
			children = (
				A2881CBE23F74D71001103EF /* .gitignore */,
				A2881CA723F74CA0001103EF /* UINavigationController */,
				A2881CA623F74CA0001103EF /* Products */,
				104A3DD6B74DEAACC20A7EA3 /* Pods */,
				5F84012F43426ECD90D3C8D5 /* Frameworks */,
			);
			sourceTree = "<group>";
		};
		A2881CA623F74CA0001103EF /* Products */ = {
			isa = PBXGroup;
			children = (
				A2881CA523F74CA0001103EF /* UINavigationController.app */,
			);
			name = Products;
			sourceTree = "<group>";
		};
		A2881CA723F74CA0001103EF /* UINavigationController */ = {
			isa = PBXGroup;
			children = (
				A2881CA823F74CA0001103EF /* AppDelegate.swift */,
				A2881CAA23F74CA0001103EF /* SceneDelegate.swift */,
				A2881CAC23F74CA0001103EF /* ViewController.swift */,
				A2881CC023F75A93001103EF /* SecondViewController.swift */,
				A2881CAE23F74CA0001103EF /* Main.storyboard */,
				A2881CB123F74CA2001103EF /* Assets.xcassets */,
				A2881CB323F74CA2001103EF /* LaunchScreen.storyboard */,
				A2881CB623F74CA2001103EF /* Info.plist */,
			);
			path = UINavigationController;
			sourceTree = "<group>";
		};
/* End PBXGroup section */

/* Begin PBXNativeTarget section */
		A2881CA423F74CA0001103EF /* UINavigationController */ = {
			isa = PBXNativeTarget;
			buildConfigurationList = A2881CB923F74CA2001103EF /* Build configuration list for PBXNativeTarget "UINavigationController" */;
			buildPhases = (
				C705075ED0D7625E935B7637 /* [CP] Check Pods Manifest.lock */,
				A2881CA123F74CA0001103EF /* Sources */,
				A2881CA223F74CA0001103EF /* Frameworks */,
				A2881CA323F74CA0001103EF /* Resources */,
				EA99BD8024D7E8CB85C4BA97 /* [CP] Embed Pods Frameworks */,
			);
			buildRules = (
			);
			dependencies = (
			);
			name = UINavigationController;
			productName = UINavigationController;
			productReference = A2881CA523F74CA0001103EF /* UINavigationController.app */;
			productType = "com.apple.product-type.application";
		};
/* End PBXNativeTarget section */

/* Begin PBXProject section */
		A2881C9D23F74CA0001103EF /* Project object */ = {
			isa = PBXProject;
			attributes = {
				LastSwiftUpdateCheck = 1130;
				LastUpgradeCheck = 1130;
				ORGANIZATIONNAME = "Aleksey Bardin";
				TargetAttributes = {
					A2881CA423F74CA0001103EF = {
						CreatedOnToolsVersion = 11.3.1;
					};
				};
			};
			buildConfigurationList = A2881CA023F74CA0001103EF /* Build configuration list for PBXProject "UINavigationController" */;
			compatibilityVersion = "Xcode 11.0";
			developmentRegion = en;
			hasScannedForEncodings = 0;
			knownRegions = (
				en,
				Base,
			);
			mainGroup = A2881C9C23F74CA0001103EF;
			productRefGroup = A2881CA623F74CA0001103EF /* Products */;
			projectDirPath = "";
			projectRoot = "";
			targets = (
				A2881CA423F74CA0001103EF /* UINavigationController */,
			);
		};
/* End PBXProject section */

/* Begin PBXResourcesBuildPhase section */
		A2881CA323F74CA0001103EF /* Resources */ = {
			isa = PBXResourcesBuildPhase;
			buildActionMask = 2147483647;
			files = (
				A2881CBF23F74D71001103EF /* .gitignore in Resources */,
				A2881CB523F74CA2001103EF /* LaunchScreen.storyboard in Resources */,
				A2881CB223F74CA2001103EF /* Assets.xcassets in Resources */,
				A2881CB023F74CA0001103EF /* Main.storyboard in Resources */,
			);
			runOnlyForDeploymentPostprocessing = 0;
		};
/* End PBXResourcesBuildPhase section */

/* Begin PBXShellScriptBuildPhase section */
		C705075ED0D7625E935B7637 /* [CP] Check Pods Manifest.lock */ = {
			isa = PBXShellScriptBuildPhase;
			buildActionMask = 2147483647;
			files = (
			);
			inputFileListPaths = (
			);
			inputPaths = (
				"${PODS_PODFILE_DIR_PATH}/Podfile.lock",
				"${PODS_ROOT}/Manifest.lock",
			);
			name = "[CP] Check Pods Manifest.lock";
			outputFileListPaths = (
			);
			outputPaths = (
				"$(DERIVED_FILE_DIR)/Pods-UINavigationController-checkManifestLockResult.txt",
			);
			runOnlyForDeploymentPostprocessing = 0;
			shellPath = /bin/sh;
			shellScript = "diff \"${PODS_PODFILE_DIR_PATH}/Podfile.lock\" \"${PODS_ROOT}/Manifest.lock\" > /dev/null\nif [ $? != 0 ] ; then\n    # print error to STDERR\n    echo \"error: The sandbox is not in sync with the Podfile.lock. Run 'pod install' or update your CocoaPods installation.\" >&2\n    exit 1\nfi\n# This output is used by Xcode 'outputs' to avoid re-running this script phase.\necho \"SUCCESS\" > \"${SCRIPT_OUTPUT_FILE_0}\"\n";
			showEnvVarsInLog = 0;
		};
		EA99BD8024D7E8CB85C4BA97 /* [CP] Embed Pods Frameworks */ = {
			isa = PBXShellScriptBuildPhase;
			buildActionMask = 2147483647;
			files = (
			);
			inputFileListPaths = (
				"${PODS_ROOT}/Target Support Files/Pods-UINavigationController/Pods-UINavigationController-frameworks-${CONFIGURATION}-input-files.xcfilelist",
			);
			name = "[CP] Embed Pods Frameworks";
			outputFileListPaths = (
				"${PODS_ROOT}/Target Support Files/Pods-UINavigationController/Pods-UINavigationController-frameworks-${CONFIGURATION}-output-files.xcfilelist",
			);
			runOnlyForDeploymentPostprocessing = 0;
			shellPath = /bin/sh;
			shellScript = "\"${PODS_ROOT}/Target Support Files/Pods-UINavigationController/Pods-UINavigationController-frameworks.sh\"\n";
			showEnvVarsInLog = 0;
		};
/* End PBXShellScriptBuildPhase section */

/* Begin PBXSourcesBuildPhase section */
		A2881CA123F74CA0001103EF /* Sources */ = {
			isa = PBXSourcesBuildPhase;
			buildActionMask = 2147483647;
			files = (
				A2881CC123F75A93001103EF /* SecondViewController.swift in Sources */,
				A2881CAD23F74CA0001103EF /* ViewController.swift in Sources */,
				A2881CA923F74CA0001103EF /* AppDelegate.swift in Sources */,
				A2881CAB23F74CA0001103EF /* SceneDelegate.swift in Sources */,
			);
			runOnlyForDeploymentPostprocessing = 0;
		};
/* End PBXSourcesBuildPhase section */

/* Begin PBXVariantGroup section */
		A2881CAE23F74CA0001103EF /* Main.storyboard */ = {
			isa = PBXVariantGroup;
			children = (
				A2881CAF23F74CA0001103EF /* Base */,
			);
			name = Main.storyboard;
			sourceTree = "<group>";
		};
		A2881CB323F74CA2001103EF /* LaunchScreen.storyboard */ = {
			isa = PBXVariantGroup;
			children = (
				A2881CB423F74CA2001103EF /* Base */,
			);
			name = LaunchScreen.storyboard;
			sourceTree = "<group>";
		};
/* End PBXVariantGroup section */

/* Begin XCBuildConfiguration section */
		A2881CB723F74CA2001103EF /* Debug */ = {
			isa = XCBuildConfiguration;
			buildSettings = {
				ALWAYS_SEARCH_USER_PATHS = NO;
				CLANG_ANALYZER_NONNULL = YES;
				CLANG_ANALYZER_NUMBER_OBJECT_CONVERSION = YES_AGGRESSIVE;
				CLANG_CXX_LANGUAGE_STANDARD = "gnu++14";
				CLANG_CXX_LIBRARY = "libc++";
				CLANG_ENABLE_MODULES = YES;
				CLANG_ENABLE_OBJC_ARC = YES;
				CLANG_ENABLE_OBJC_WEAK = YES;
				CLANG_WARN_BLOCK_CAPTURE_AUTORELEASING = YES;
				CLANG_WARN_BOOL_CONVERSION = YES;
				CLANG_WARN_COMMA = YES;
				CLANG_WARN_CONSTANT_CONVERSION = YES;
				CLANG_WARN_DEPRECATED_OBJC_IMPLEMENTATIONS = YES;
				CLANG_WARN_DIRECT_OBJC_ISA_USAGE = YES_ERROR;
				CLANG_WARN_DOCUMENTATION_COMMENTS = YES;
				CLANG_WARN_EMPTY_BODY = YES;
				CLANG_WARN_ENUM_CONVERSION = YES;
				CLANG_WARN_INFINITE_RECURSION = YES;
				CLANG_WARN_INT_CONVERSION = YES;
				CLANG_WARN_NON_LITERAL_NULL_CONVERSION = YES;
				CLANG_WARN_OBJC_IMPLICIT_RETAIN_SELF = YES;
				CLANG_WARN_OBJC_LITERAL_CONVERSION = YES;
				CLANG_WARN_OBJC_ROOT_CLASS = YES_ERROR;
				CLANG_WARN_RANGE_LOOP_ANALYSIS = YES;
				CLANG_WARN_STRICT_PROTOTYPES = YES;
				CLANG_WARN_SUSPICIOUS_MOVE = YES;
				CLANG_WARN_UNGUARDED_AVAILABILITY = YES_AGGRESSIVE;
				CLANG_WARN_UNREACHABLE_CODE = YES;
				CLANG_WARN__DUPLICATE_METHOD_MATCH = YES;
				COPY_PHASE_STRIP = NO;
				DEBUG_INFORMATION_FORMAT = dwarf;
				ENABLE_STRICT_OBJC_MSGSEND = YES;
				ENABLE_TESTABILITY = YES;
				GCC_C_LANGUAGE_STANDARD = gnu11;
				GCC_DYNAMIC_NO_PIC = NO;
				GCC_NO_COMMON_BLOCKS = YES;
				GCC_OPTIMIZATION_LEVEL = 0;
				GCC_PREPROCESSOR_DEFINITIONS = (
					"DEBUG=1",
					"$(inherited)",
				);
				GCC_WARN_64_TO_32_BIT_CONVERSION = YES;
				GCC_WARN_ABOUT_RETURN_TYPE = YES_ERROR;
				GCC_WARN_UNDECLARED_SELECTOR = YES;
				GCC_WARN_UNINITIALIZED_AUTOS = YES_AGGRESSIVE;
				GCC_WARN_UNUSED_FUNCTION = YES;
				GCC_WARN_UNUSED_VARIABLE = YES;
				IPHONEOS_DEPLOYMENT_TARGET = 13.2;
				MTL_ENABLE_DEBUG_INFO = INCLUDE_SOURCE;
				MTL_FAST_MATH = YES;
				ONLY_ACTIVE_ARCH = YES;
				SDKROOT = iphoneos;
				SWIFT_ACTIVE_COMPILATION_CONDITIONS = DEBUG;
				SWIFT_OPTIMIZATION_LEVEL = "-Onone";
			};
			name = Debug;
		};
		A2881CB823F74CA2001103EF /* Release */ = {
			isa = XCBuildConfiguration;
			buildSettings = {
				ALWAYS_SEARCH_USER_PATHS = NO;
				CLANG_ANALYZER_NONNULL = YES;
				CLANG_ANALYZER_NUMBER_OBJECT_CONVERSION = YES_AGGRESSIVE;
				CLANG_CXX_LANGUAGE_STANDARD = "gnu++14";
				CLANG_CXX_LIBRARY = "libc++";
				CLANG_ENABLE_MODULES = YES;
				CLANG_ENABLE_OBJC_ARC = YES;
				CLANG_ENABLE_OBJC_WEAK = YES;
				CLANG_WARN_BLOCK_CAPTURE_AUTORELEASING = YES;
				CLANG_WARN_BOOL_CONVERSION = YES;
				CLANG_WARN_COMMA = YES;
				CLANG_WARN_CONSTANT_CONVERSION = YES;
				CLANG_WARN_DEPRECATED_OBJC_IMPLEMENTATIONS = YES;
				CLANG_WARN_DIRECT_OBJC_ISA_USAGE = YES_ERROR;
				CLANG_WARN_DOCUMENTATION_COMMENTS = YES;
				CLANG_WARN_EMPTY_BODY = YES;
				CLANG_WARN_ENUM_CONVERSION = YES;
				CLANG_WARN_INFINITE_RECURSION = YES;
				CLANG_WARN_INT_CONVERSION = YES;
				CLANG_WARN_NON_LITERAL_NULL_CONVERSION = YES;
				CLANG_WARN_OBJC_IMPLICIT_RETAIN_SELF = YES;
				CLANG_WARN_OBJC_LITERAL_CONVERSION = YES;
				CLANG_WARN_OBJC_ROOT_CLASS = YES_ERROR;
				CLANG_WARN_RANGE_LOOP_ANALYSIS = YES;
				CLANG_WARN_STRICT_PROTOTYPES = YES;
				CLANG_WARN_SUSPICIOUS_MOVE = YES;
				CLANG_WARN_UNGUARDED_AVAILABILITY = YES_AGGRESSIVE;
				CLANG_WARN_UNREACHABLE_CODE = YES;
				CLANG_WARN__DUPLICATE_METHOD_MATCH = YES;
				COPY_PHASE_STRIP = NO;
				DEBUG_INFORMATION_FORMAT = "dwarf-with-dsym";
				ENABLE_NS_ASSERTIONS = NO;
				ENABLE_STRICT_OBJC_MSGSEND = YES;
				GCC_C_LANGUAGE_STANDARD = gnu11;
				GCC_NO_COMMON_BLOCKS = YES;
				GCC_WARN_64_TO_32_BIT_CONVERSION = YES;
				GCC_WARN_ABOUT_RETURN_TYPE = YES_ERROR;
				GCC_WARN_UNDECLARED_SELECTOR = YES;
				GCC_WARN_UNINITIALIZED_AUTOS = YES_AGGRESSIVE;
				GCC_WARN_UNUSED_FUNCTION = YES;
				GCC_WARN_UNUSED_VARIABLE = YES;
				IPHONEOS_DEPLOYMENT_TARGET = 13.2;
				MTL_ENABLE_DEBUG_INFO = NO;
				MTL_FAST_MATH = YES;
				SDKROOT = iphoneos;
				SWIFT_COMPILATION_MODE = wholemodule;
				SWIFT_OPTIMIZATION_LEVEL = "-O";
				VALIDATE_PRODUCT = YES;
			};
			name = Release;
		};
		A2881CBA23F74CA2001103EF /* Debug */ = {
			isa = XCBuildConfiguration;
			baseConfigurationReference = 6EDFCFF79D3F21024A97161C /* Pods-UINavigationController.debug.xcconfig */;
			buildSettings = {
				ASSETCATALOG_COMPILER_APPICON_NAME = AppIcon;
				CODE_SIGN_STYLE = Automatic;
				DEVELOPMENT_TEAM = GY47Z2W3K9;
				INFOPLIST_FILE = UINavigationController/Info.plist;
				LD_RUNPATH_SEARCH_PATHS = (
					"$(inherited)",
					"@executable_path/Frameworks",
				);
				PRODUCT_BUNDLE_IDENTIFIER = Bardincom.UINavigationController;
				PRODUCT_NAME = "$(TARGET_NAME)";
				SWIFT_VERSION = 5.0;
				TARGETED_DEVICE_FAMILY = 1;
			};
			name = Debug;
		};
		A2881CBB23F74CA2001103EF /* Release */ = {
			isa = XCBuildConfiguration;
			baseConfigurationReference = F52DC3215AD30E185AC16C24 /* Pods-UINavigationController.release.xcconfig */;
			buildSettings = {
				ASSETCATALOG_COMPILER_APPICON_NAME = AppIcon;
				CODE_SIGN_STYLE = Automatic;
				DEVELOPMENT_TEAM = GY47Z2W3K9;
				INFOPLIST_FILE = UINavigationController/Info.plist;
				LD_RUNPATH_SEARCH_PATHS = (
					"$(inherited)",
					"@executable_path/Frameworks",
				);
				PRODUCT_BUNDLE_IDENTIFIER = Bardincom.UINavigationController;
				PRODUCT_NAME = "$(TARGET_NAME)";
				SWIFT_VERSION = 5.0;
				TARGETED_DEVICE_FAMILY = 1;
			};
			name = Release;
		};
/* End XCBuildConfiguration section */

/* Begin XCConfigurationList section */
		A2881CA023F74CA0001103EF /* Build configuration list for PBXProject "UINavigationController" */ = {
			isa = XCConfigurationList;
			buildConfigurations = (
				A2881CB723F74CA2001103EF /* Debug */,
				A2881CB823F74CA2001103EF /* Release */,
			);
			defaultConfigurationIsVisible = 0;
			defaultConfigurationName = Release;
		};
		A2881CB923F74CA2001103EF /* Build configuration list for PBXNativeTarget "UINavigationController" */ = {
			isa = XCConfigurationList;
			buildConfigurations = (
				A2881CBA23F74CA2001103EF /* Debug */,
				A2881CBB23F74CA2001103EF /* Release */,
			);
			defaultConfigurationIsVisible = 0;
			defaultConfigurationName = Release;
		};
/* End XCConfigurationList section */
	};
	rootObject = A2881C9D23F74CA0001103EF /* Project object */;
}
